// !$*UTF8*$!
{
	archiveVersion = 1;
	classes = {
	};
	objectVersion = 46;
	objects = {

/* Begin PBXBuildFile section */
		0BEFF68DADC1C2FBCA0315D0 /* Pods_NYTimesProjectTests.framework in Frameworks */ = {isa = PBXBuildFile; fileRef = 0FFCC961529959E2C4A4A97D /* Pods_NYTimesProjectTests.framework */; };
		385921DF1F9CF33200728C87 /* NYTHomeViewController.swift in Sources */ = {isa = PBXBuildFile; fileRef = 385921DE1F9CF33200728C87 /* NYTHomeViewController.swift */; };
		385921E21F9D03C800728C87 /* NYTimesAPI.swift in Sources */ = {isa = PBXBuildFile; fileRef = 385921E11F9D03C800728C87 /* NYTimesAPI.swift */; };
		385921E41F9D2F5600728C87 /* Networking.swift in Sources */ = {isa = PBXBuildFile; fileRef = 385921E31F9D2F5600728C87 /* Networking.swift */; };
		38C02C0B1F9DD2A900E5854A /* NYTSwipeableBaseViewController.swift in Sources */ = {isa = PBXBuildFile; fileRef = 38C02C0A1F9DD2A900E5854A /* NYTSwipeableBaseViewController.swift */; };
		38C02C0D1F9DD59D00E5854A /* NYTHomeTopStoriesViewController.swift in Sources */ = {isa = PBXBuildFile; fileRef = 38C02C0C1F9DD59D00E5854A /* NYTHomeTopStoriesViewController.swift */; };
		38C02C0F1F9DD5AF00E5854A /* NYTWorldTopStoriesViewController.swift in Sources */ = {isa = PBXBuildFile; fileRef = 38C02C0E1F9DD5AF00E5854A /* NYTWorldTopStoriesViewController.swift */; };
		38C02C111F9DD5C200E5854A /* NYTTechnologyTopStoriesViewController.swift in Sources */ = {isa = PBXBuildFile; fileRef = 38C02C101F9DD5C200E5854A /* NYTTechnologyTopStoriesViewController.swift */; };
		38C02C141F9DD9A100E5854A /* Story.swift in Sources */ = {isa = PBXBuildFile; fileRef = 38C02C131F9DD9A100E5854A /* Story.swift */; };
		38C02C161F9DE38A00E5854A /* StoryMetaData.swift in Sources */ = {isa = PBXBuildFile; fileRef = 38C02C151F9DE38A00E5854A /* StoryMetaData.swift */; };
		38C02C191F9DE48100E5854A /* JSONParser.swift in Sources */ = {isa = PBXBuildFile; fileRef = 38C02C181F9DE48100E5854A /* JSONParser.swift */; };
		38C1E9631F9CED0900BA3B0B /* AppDelegate.swift in Sources */ = {isa = PBXBuildFile; fileRef = 38C1E9621F9CED0900BA3B0B /* AppDelegate.swift */; };
		38C1E96A1F9CED0900BA3B0B /* Assets.xcassets in Resources */ = {isa = PBXBuildFile; fileRef = 38C1E9691F9CED0900BA3B0B /* Assets.xcassets */; };
		38C1E96D1F9CED0900BA3B0B /* LaunchScreen.storyboard in Resources */ = {isa = PBXBuildFile; fileRef = 38C1E96B1F9CED0900BA3B0B /* LaunchScreen.storyboard */; };
		38C1E9781F9CED0900BA3B0B /* NYTimesProjectTests.swift in Sources */ = {isa = PBXBuildFile; fileRef = 38C1E9771F9CED0900BA3B0B /* NYTimesProjectTests.swift */; };
		38C1E9831F9CED0900BA3B0B /* NYTimesProjectUITests.swift in Sources */ = {isa = PBXBuildFile; fileRef = 38C1E9821F9CED0900BA3B0B /* NYTimesProjectUITests.swift */; };
		8BAFCBFDB3DB2C9CF25E0219 /* Pods_NYTimesProject.framework in Frameworks */ = {isa = PBXBuildFile; fileRef = 4D8DE8439F307AE520B3FB62 /* Pods_NYTimesProject.framework */; };
		F48E76F9C3CEBE9FCDFD19FB /* Pods_NYTimesProjectUITests.framework in Frameworks */ = {isa = PBXBuildFile; fileRef = 842AF35C7EF059D163C742C0 /* Pods_NYTimesProjectUITests.framework */; };
/* End PBXBuildFile section */

/* Begin PBXContainerItemProxy section */
		38C1E9741F9CED0900BA3B0B /* PBXContainerItemProxy */ = {
			isa = PBXContainerItemProxy;
			containerPortal = 38C1E9571F9CED0900BA3B0B /* Project object */;
			proxyType = 1;
			remoteGlobalIDString = 38C1E95E1F9CED0900BA3B0B;
			remoteInfo = NYTimesProject;
		};
		38C1E97F1F9CED0900BA3B0B /* PBXContainerItemProxy */ = {
			isa = PBXContainerItemProxy;
			containerPortal = 38C1E9571F9CED0900BA3B0B /* Project object */;
			proxyType = 1;
			remoteGlobalIDString = 38C1E95E1F9CED0900BA3B0B;
			remoteInfo = NYTimesProject;
		};
/* End PBXContainerItemProxy section */

/* Begin PBXFileReference section */
		0031B839A497991E1203E95C /* Pods-NYTimesProject.release.xcconfig */ = {isa = PBXFileReference; includeInIndex = 1; lastKnownFileType = text.xcconfig; name = "Pods-NYTimesProject.release.xcconfig"; path = "Pods/Target Support Files/Pods-NYTimesProject/Pods-NYTimesProject.release.xcconfig"; sourceTree = "<group>"; };
		0FFCC961529959E2C4A4A97D /* Pods_NYTimesProjectTests.framework */ = {isa = PBXFileReference; explicitFileType = wrapper.framework; includeInIndex = 0; path = Pods_NYTimesProjectTests.framework; sourceTree = BUILT_PRODUCTS_DIR; };
		138DFD6FC6CCD9467D7647CE /* Pods-NYTimesProjectTests.release.xcconfig */ = {isa = PBXFileReference; includeInIndex = 1; lastKnownFileType = text.xcconfig; name = "Pods-NYTimesProjectTests.release.xcconfig"; path = "Pods/Target Support Files/Pods-NYTimesProjectTests/Pods-NYTimesProjectTests.release.xcconfig"; sourceTree = "<group>"; };
		385921DE1F9CF33200728C87 /* NYTHomeViewController.swift */ = {isa = PBXFileReference; fileEncoding = 4; lastKnownFileType = sourcecode.swift; path = NYTHomeViewController.swift; sourceTree = "<group>"; };
		385921E11F9D03C800728C87 /* NYTimesAPI.swift */ = {isa = PBXFileReference; fileEncoding = 4; lastKnownFileType = sourcecode.swift; path = NYTimesAPI.swift; sourceTree = "<group>"; };
		385921E31F9D2F5600728C87 /* Networking.swift */ = {isa = PBXFileReference; fileEncoding = 4; lastKnownFileType = sourcecode.swift; path = Networking.swift; sourceTree = "<group>"; };
		38C02C0A1F9DD2A900E5854A /* NYTSwipeableBaseViewController.swift */ = {isa = PBXFileReference; fileEncoding = 4; lastKnownFileType = sourcecode.swift; path = NYTSwipeableBaseViewController.swift; sourceTree = "<group>"; };
		38C02C0C1F9DD59D00E5854A /* NYTHomeTopStoriesViewController.swift */ = {isa = PBXFileReference; fileEncoding = 4; lastKnownFileType = sourcecode.swift; path = NYTHomeTopStoriesViewController.swift; sourceTree = "<group>"; };
		38C02C0E1F9DD5AF00E5854A /* NYTWorldTopStoriesViewController.swift */ = {isa = PBXFileReference; fileEncoding = 4; lastKnownFileType = sourcecode.swift; path = NYTWorldTopStoriesViewController.swift; sourceTree = "<group>"; };
		38C02C101F9DD5C200E5854A /* NYTTechnologyTopStoriesViewController.swift */ = {isa = PBXFileReference; fileEncoding = 4; lastKnownFileType = sourcecode.swift; path = NYTTechnologyTopStoriesViewController.swift; sourceTree = "<group>"; };
		38C02C131F9DD9A100E5854A /* Story.swift */ = {isa = PBXFileReference; fileEncoding = 4; lastKnownFileType = sourcecode.swift; path = Story.swift; sourceTree = "<group>"; };
		38C02C151F9DE38A00E5854A /* StoryMetaData.swift */ = {isa = PBXFileReference; fileEncoding = 4; lastKnownFileType = sourcecode.swift; path = StoryMetaData.swift; sourceTree = "<group>"; };
		38C02C181F9DE48100E5854A /* JSONParser.swift */ = {isa = PBXFileReference; fileEncoding = 4; lastKnownFileType = sourcecode.swift; path = JSONParser.swift; sourceTree = "<group>"; };
		38C1E95F1F9CED0900BA3B0B /* NYTimesProject.app */ = {isa = PBXFileReference; explicitFileType = wrapper.application; includeInIndex = 0; path = NYTimesProject.app; sourceTree = BUILT_PRODUCTS_DIR; };
		38C1E9621F9CED0900BA3B0B /* AppDelegate.swift */ = {isa = PBXFileReference; lastKnownFileType = sourcecode.swift; path = AppDelegate.swift; sourceTree = "<group>"; };
		38C1E9691F9CED0900BA3B0B /* Assets.xcassets */ = {isa = PBXFileReference; lastKnownFileType = folder.assetcatalog; path = Assets.xcassets; sourceTree = "<group>"; };
		38C1E96C1F9CED0900BA3B0B /* Base */ = {isa = PBXFileReference; lastKnownFileType = file.storyboard; name = Base; path = Base.lproj/LaunchScreen.storyboard; sourceTree = "<group>"; };
		38C1E96E1F9CED0900BA3B0B /* Info.plist */ = {isa = PBXFileReference; lastKnownFileType = text.plist.xml; path = Info.plist; sourceTree = "<group>"; };
		38C1E9731F9CED0900BA3B0B /* NYTimesProjectTests.xctest */ = {isa = PBXFileReference; explicitFileType = wrapper.cfbundle; includeInIndex = 0; path = NYTimesProjectTests.xctest; sourceTree = BUILT_PRODUCTS_DIR; };
		38C1E9771F9CED0900BA3B0B /* NYTimesProjectTests.swift */ = {isa = PBXFileReference; lastKnownFileType = sourcecode.swift; path = NYTimesProjectTests.swift; sourceTree = "<group>"; };
		38C1E9791F9CED0900BA3B0B /* Info.plist */ = {isa = PBXFileReference; lastKnownFileType = text.plist.xml; path = Info.plist; sourceTree = "<group>"; };
		38C1E97E1F9CED0900BA3B0B /* NYTimesProjectUITests.xctest */ = {isa = PBXFileReference; explicitFileType = wrapper.cfbundle; includeInIndex = 0; path = NYTimesProjectUITests.xctest; sourceTree = BUILT_PRODUCTS_DIR; };
		38C1E9821F9CED0900BA3B0B /* NYTimesProjectUITests.swift */ = {isa = PBXFileReference; lastKnownFileType = sourcecode.swift; path = NYTimesProjectUITests.swift; sourceTree = "<group>"; };
		38C1E9841F9CED0900BA3B0B /* Info.plist */ = {isa = PBXFileReference; lastKnownFileType = text.plist.xml; path = Info.plist; sourceTree = "<group>"; };
		46FC17EC500CFEBFC7EE4974 /* Pods-NYTimesProjectTests.debug.xcconfig */ = {isa = PBXFileReference; includeInIndex = 1; lastKnownFileType = text.xcconfig; name = "Pods-NYTimesProjectTests.debug.xcconfig"; path = "Pods/Target Support Files/Pods-NYTimesProjectTests/Pods-NYTimesProjectTests.debug.xcconfig"; sourceTree = "<group>"; };
		4D8DE8439F307AE520B3FB62 /* Pods_NYTimesProject.framework */ = {isa = PBXFileReference; explicitFileType = wrapper.framework; includeInIndex = 0; path = Pods_NYTimesProject.framework; sourceTree = BUILT_PRODUCTS_DIR; };
		5D8348998FA2478AD87BB63A /* Pods-NYTimesProject.debug.xcconfig */ = {isa = PBXFileReference; includeInIndex = 1; lastKnownFileType = text.xcconfig; name = "Pods-NYTimesProject.debug.xcconfig"; path = "Pods/Target Support Files/Pods-NYTimesProject/Pods-NYTimesProject.debug.xcconfig"; sourceTree = "<group>"; };
		842AF35C7EF059D163C742C0 /* Pods_NYTimesProjectUITests.framework */ = {isa = PBXFileReference; explicitFileType = wrapper.framework; includeInIndex = 0; path = Pods_NYTimesProjectUITests.framework; sourceTree = BUILT_PRODUCTS_DIR; };
		867357B5844F8DEB62E10A82 /* Pods-NYTimesProjectUITests.release.xcconfig */ = {isa = PBXFileReference; includeInIndex = 1; lastKnownFileType = text.xcconfig; name = "Pods-NYTimesProjectUITests.release.xcconfig"; path = "Pods/Target Support Files/Pods-NYTimesProjectUITests/Pods-NYTimesProjectUITests.release.xcconfig"; sourceTree = "<group>"; };
		9E334EEE26EC6F021628D973 /* Pods-NYTimesProjectUITests.debug.xcconfig */ = {isa = PBXFileReference; includeInIndex = 1; lastKnownFileType = text.xcconfig; name = "Pods-NYTimesProjectUITests.debug.xcconfig"; path = "Pods/Target Support Files/Pods-NYTimesProjectUITests/Pods-NYTimesProjectUITests.debug.xcconfig"; sourceTree = "<group>"; };
/* End PBXFileReference section */

/* Begin PBXFrameworksBuildPhase section */
		38C1E95C1F9CED0900BA3B0B /* Frameworks */ = {
			isa = PBXFrameworksBuildPhase;
			buildActionMask = 2147483647;
			files = (
				8BAFCBFDB3DB2C9CF25E0219 /* Pods_NYTimesProject.framework in Frameworks */,
			);
			runOnlyForDeploymentPostprocessing = 0;
		};
		38C1E9701F9CED0900BA3B0B /* Frameworks */ = {
			isa = PBXFrameworksBuildPhase;
			buildActionMask = 2147483647;
			files = (
				0BEFF68DADC1C2FBCA0315D0 /* Pods_NYTimesProjectTests.framework in Frameworks */,
			);
			runOnlyForDeploymentPostprocessing = 0;
		};
		38C1E97B1F9CED0900BA3B0B /* Frameworks */ = {
			isa = PBXFrameworksBuildPhase;
			buildActionMask = 2147483647;
			files = (
				F48E76F9C3CEBE9FCDFD19FB /* Pods_NYTimesProjectUITests.framework in Frameworks */,
			);
			runOnlyForDeploymentPostprocessing = 0;
		};
/* End PBXFrameworksBuildPhase section */

/* Begin PBXGroup section */
		385921DD1F9CF30300728C87 /* Controllers */ = {
			isa = PBXGroup;
			children = (
				38C1E9621F9CED0900BA3B0B /* AppDelegate.swift */,
				385921DE1F9CF33200728C87 /* NYTHomeViewController.swift */,
				38C02C0A1F9DD2A900E5854A /* NYTSwipeableBaseViewController.swift */,
				38C02C0C1F9DD59D00E5854A /* NYTHomeTopStoriesViewController.swift */,
				38C02C0E1F9DD5AF00E5854A /* NYTWorldTopStoriesViewController.swift */,
				38C02C101F9DD5C200E5854A /* NYTTechnologyTopStoriesViewController.swift */,
			);
			name = Controllers;
			sourceTree = "<group>";
		};
		385921E01F9CF36800728C87 /* Networking */ = {
			isa = PBXGroup;
			children = (
				385921E11F9D03C800728C87 /* NYTimesAPI.swift */,
				385921E31F9D2F5600728C87 /* Networking.swift */,
			);
			name = Networking;
			sourceTree = "<group>";
		};
		38C02C121F9DD83D00E5854A /* Models */ = {
			isa = PBXGroup;
			children = (
				38C02C131F9DD9A100E5854A /* Story.swift */,
				38C02C151F9DE38A00E5854A /* StoryMetaData.swift */,
			);
			name = Models;
			sourceTree = "<group>";
		};
		38C02C171F9DE44300E5854A /* Utility */ = {
			isa = PBXGroup;
			children = (
				38C02C181F9DE48100E5854A /* JSONParser.swift */,
			);
			name = Utility;
			sourceTree = "<group>";
		};
		38C1E9561F9CED0900BA3B0B = {
			isa = PBXGroup;
			children = (
				38C1E9611F9CED0900BA3B0B /* NYTimesProject */,
				38C1E9761F9CED0900BA3B0B /* NYTimesProjectTests */,
				38C1E9811F9CED0900BA3B0B /* NYTimesProjectUITests */,
				38C1E9601F9CED0900BA3B0B /* Products */,
				70E13C4E511FA74579F2C455 /* Pods */,
				E35938C0D8994871583D2D51 /* Frameworks */,
			);
			sourceTree = "<group>";
		};
		38C1E9601F9CED0900BA3B0B /* Products */ = {
			isa = PBXGroup;
			children = (
				38C1E95F1F9CED0900BA3B0B /* NYTimesProject.app */,
				38C1E9731F9CED0900BA3B0B /* NYTimesProjectTests.xctest */,
				38C1E97E1F9CED0900BA3B0B /* NYTimesProjectUITests.xctest */,
			);
			name = Products;
			sourceTree = "<group>";
		};
		38C1E9611F9CED0900BA3B0B /* NYTimesProject */ = {
			isa = PBXGroup;
			children = (
				38C02C171F9DE44300E5854A /* Utility */,
				38C02C121F9DD83D00E5854A /* Models */,
				385921E01F9CF36800728C87 /* Networking */,
				385921DD1F9CF30300728C87 /* Controllers */,
				38C1E9691F9CED0900BA3B0B /* Assets.xcassets */,
				38C1E96B1F9CED0900BA3B0B /* LaunchScreen.storyboard */,
				38C1E96E1F9CED0900BA3B0B /* Info.plist */,
			);
			path = NYTimesProject;
			sourceTree = "<group>";
		};
		38C1E9761F9CED0900BA3B0B /* NYTimesProjectTests */ = {
			isa = PBXGroup;
			children = (
				38C1E9771F9CED0900BA3B0B /* NYTimesProjectTests.swift */,
				38C1E9791F9CED0900BA3B0B /* Info.plist */,
			);
			path = NYTimesProjectTests;
			sourceTree = "<group>";
		};
		38C1E9811F9CED0900BA3B0B /* NYTimesProjectUITests */ = {
			isa = PBXGroup;
			children = (
				38C1E9821F9CED0900BA3B0B /* NYTimesProjectUITests.swift */,
				38C1E9841F9CED0900BA3B0B /* Info.plist */,
			);
			path = NYTimesProjectUITests;
			sourceTree = "<group>";
		};
		70E13C4E511FA74579F2C455 /* Pods */ = {
			isa = PBXGroup;
			children = (
				5D8348998FA2478AD87BB63A /* Pods-NYTimesProject.debug.xcconfig */,
				0031B839A497991E1203E95C /* Pods-NYTimesProject.release.xcconfig */,
				46FC17EC500CFEBFC7EE4974 /* Pods-NYTimesProjectTests.debug.xcconfig */,
				138DFD6FC6CCD9467D7647CE /* Pods-NYTimesProjectTests.release.xcconfig */,
				9E334EEE26EC6F021628D973 /* Pods-NYTimesProjectUITests.debug.xcconfig */,
				867357B5844F8DEB62E10A82 /* Pods-NYTimesProjectUITests.release.xcconfig */,
			);
			name = Pods;
			sourceTree = "<group>";
		};
		E35938C0D8994871583D2D51 /* Frameworks */ = {
			isa = PBXGroup;
			children = (
				4D8DE8439F307AE520B3FB62 /* Pods_NYTimesProject.framework */,
				0FFCC961529959E2C4A4A97D /* Pods_NYTimesProjectTests.framework */,
				842AF35C7EF059D163C742C0 /* Pods_NYTimesProjectUITests.framework */,
			);
			name = Frameworks;
			sourceTree = "<group>";
		};
/* End PBXGroup section */

/* Begin PBXNativeTarget section */
		38C1E95E1F9CED0900BA3B0B /* NYTimesProject */ = {
			isa = PBXNativeTarget;
			buildConfigurationList = 38C1E9871F9CED0900BA3B0B /* Build configuration list for PBXNativeTarget "NYTimesProject" */;
			buildPhases = (
				2C03DDEBCD03C6A1AACB980F /* [CP] Check Pods Manifest.lock */,
				38C1E95B1F9CED0900BA3B0B /* Sources */,
				38C1E95C1F9CED0900BA3B0B /* Frameworks */,
				38C1E95D1F9CED0900BA3B0B /* Resources */,
				C12C1DD65C98F492DED8CB2D /* [CP] Embed Pods Frameworks */,
				15077492CCE976B4EAC2E495 /* [CP] Copy Pods Resources */,
			);
			buildRules = (
			);
			dependencies = (
			);
			name = NYTimesProject;
			productName = NYTimesProject;
			productReference = 38C1E95F1F9CED0900BA3B0B /* NYTimesProject.app */;
			productType = "com.apple.product-type.application";
		};
		38C1E9721F9CED0900BA3B0B /* NYTimesProjectTests */ = {
			isa = PBXNativeTarget;
			buildConfigurationList = 38C1E98A1F9CED0900BA3B0B /* Build configuration list for PBXNativeTarget "NYTimesProjectTests" */;
			buildPhases = (
				B5A7CF943AA82595CA8D0905 /* [CP] Check Pods Manifest.lock */,
				38C1E96F1F9CED0900BA3B0B /* Sources */,
				38C1E9701F9CED0900BA3B0B /* Frameworks */,
				38C1E9711F9CED0900BA3B0B /* Resources */,
				E2155BA4ECBD290B6575C12B /* [CP] Embed Pods Frameworks */,
				D73A7BF4556EE3F0DF05A2E4 /* [CP] Copy Pods Resources */,
			);
			buildRules = (
			);
			dependencies = (
				38C1E9751F9CED0900BA3B0B /* PBXTargetDependency */,
			);
			name = NYTimesProjectTests;
			productName = NYTimesProjectTests;
			productReference = 38C1E9731F9CED0900BA3B0B /* NYTimesProjectTests.xctest */;
			productType = "com.apple.product-type.bundle.unit-test";
		};
		38C1E97D1F9CED0900BA3B0B /* NYTimesProjectUITests */ = {
			isa = PBXNativeTarget;
			buildConfigurationList = 38C1E98D1F9CED0900BA3B0B /* Build configuration list for PBXNativeTarget "NYTimesProjectUITests" */;
			buildPhases = (
				62AACC6A0053E8C646AB0732 /* [CP] Check Pods Manifest.lock */,
				38C1E97A1F9CED0900BA3B0B /* Sources */,
				38C1E97B1F9CED0900BA3B0B /* Frameworks */,
				38C1E97C1F9CED0900BA3B0B /* Resources */,
				4F5A8C2C5784018885C0FC19 /* [CP] Embed Pods Frameworks */,
				0858D5B76D0EFE828EBC1EF5 /* [CP] Copy Pods Resources */,
			);
			buildRules = (
			);
			dependencies = (
				38C1E9801F9CED0900BA3B0B /* PBXTargetDependency */,
			);
			name = NYTimesProjectUITests;
			productName = NYTimesProjectUITests;
			productReference = 38C1E97E1F9CED0900BA3B0B /* NYTimesProjectUITests.xctest */;
			productType = "com.apple.product-type.bundle.ui-testing";
		};
/* End PBXNativeTarget section */

/* Begin PBXProject section */
		38C1E9571F9CED0900BA3B0B /* Project object */ = {
			isa = PBXProject;
			attributes = {
				LastSwiftUpdateCheck = 0830;
				LastUpgradeCheck = 0830;
				ORGANIZATIONNAME = JonLu;
				TargetAttributes = {
					38C1E95E1F9CED0900BA3B0B = {
						CreatedOnToolsVersion = 8.3.3;
						DevelopmentTeam = 8B6W3QZ9B3;
						ProvisioningStyle = Automatic;
					};
					38C1E9721F9CED0900BA3B0B = {
						CreatedOnToolsVersion = 8.3.3;
						DevelopmentTeam = 8B6W3QZ9B3;
						ProvisioningStyle = Automatic;
						TestTargetID = 38C1E95E1F9CED0900BA3B0B;
					};
					38C1E97D1F9CED0900BA3B0B = {
						CreatedOnToolsVersion = 8.3.3;
						DevelopmentTeam = 8B6W3QZ9B3;
						ProvisioningStyle = Automatic;
						TestTargetID = 38C1E95E1F9CED0900BA3B0B;
					};
				};
			};
			buildConfigurationList = 38C1E95A1F9CED0900BA3B0B /* Build configuration list for PBXProject "NYTimesProject" */;
			compatibilityVersion = "Xcode 3.2";
			developmentRegion = English;
			hasScannedForEncodings = 0;
			knownRegions = (
				en,
				Base,
			);
			mainGroup = 38C1E9561F9CED0900BA3B0B;
			productRefGroup = 38C1E9601F9CED0900BA3B0B /* Products */;
			projectDirPath = "";
			projectRoot = "";
			targets = (
				38C1E95E1F9CED0900BA3B0B /* NYTimesProject */,
				38C1E9721F9CED0900BA3B0B /* NYTimesProjectTests */,
				38C1E97D1F9CED0900BA3B0B /* NYTimesProjectUITests */,
			);
		};
/* End PBXProject section */

/* Begin PBXResourcesBuildPhase section */
		38C1E95D1F9CED0900BA3B0B /* Resources */ = {
			isa = PBXResourcesBuildPhase;
			buildActionMask = 2147483647;
			files = (
				38C1E96D1F9CED0900BA3B0B /* LaunchScreen.storyboard in Resources */,
				38C1E96A1F9CED0900BA3B0B /* Assets.xcassets in Resources */,
			);
			runOnlyForDeploymentPostprocessing = 0;
		};
		38C1E9711F9CED0900BA3B0B /* Resources */ = {
			isa = PBXResourcesBuildPhase;
			buildActionMask = 2147483647;
			files = (
			);
			runOnlyForDeploymentPostprocessing = 0;
		};
		38C1E97C1F9CED0900BA3B0B /* Resources */ = {
			isa = PBXResourcesBuildPhase;
			buildActionMask = 2147483647;
			files = (
			);
			runOnlyForDeploymentPostprocessing = 0;
		};
/* End PBXResourcesBuildPhase section */

/* Begin PBXShellScriptBuildPhase section */
		0858D5B76D0EFE828EBC1EF5 /* [CP] Copy Pods Resources */ = {
			isa = PBXShellScriptBuildPhase;
			buildActionMask = 2147483647;
			files = (
			);
			inputPaths = (
			);
			name = "[CP] Copy Pods Resources";
			outputPaths = (
			);
			runOnlyForDeploymentPostprocessing = 0;
			shellPath = /bin/sh;
			shellScript = "\"${SRCROOT}/Pods/Target Support Files/Pods-NYTimesProjectUITests/Pods-NYTimesProjectUITests-resources.sh\"\n";
			showEnvVarsInLog = 0;
		};
		15077492CCE976B4EAC2E495 /* [CP] Copy Pods Resources */ = {
			isa = PBXShellScriptBuildPhase;
			buildActionMask = 2147483647;
			files = (
			);
			inputPaths = (
			);
			name = "[CP] Copy Pods Resources";
			outputPaths = (
			);
			runOnlyForDeploymentPostprocessing = 0;
			shellPath = /bin/sh;
			shellScript = "\"${SRCROOT}/Pods/Target Support Files/Pods-NYTimesProject/Pods-NYTimesProject-resources.sh\"\n";
			showEnvVarsInLog = 0;
		};
		2C03DDEBCD03C6A1AACB980F /* [CP] Check Pods Manifest.lock */ = {
			isa = PBXShellScriptBuildPhase;
			buildActionMask = 2147483647;
			files = (
			);
			inputPaths = (
				"${PODS_PODFILE_DIR_PATH}/Podfile.lock",
				"${PODS_ROOT}/Manifest.lock",
			);
			name = "[CP] Check Pods Manifest.lock";
			outputPaths = (
				"$(DERIVED_FILE_DIR)/Pods-NYTimesProject-checkManifestLockResult.txt",
			);
			runOnlyForDeploymentPostprocessing = 0;
			shellPath = /bin/sh;
			shellScript = "diff \"${PODS_PODFILE_DIR_PATH}/Podfile.lock\" \"${PODS_ROOT}/Manifest.lock\" > /dev/null\nif [ $? != 0 ] ; then\n    # print error to STDERR\n    echo \"error: The sandbox is not in sync with the Podfile.lock. Run 'pod install' or update your CocoaPods installation.\" >&2\n    exit 1\nfi\n# This output is used by Xcode 'outputs' to avoid re-running this script phase.\necho \"SUCCESS\" > \"${SCRIPT_OUTPUT_FILE_0}\"\n";
			showEnvVarsInLog = 0;
		};
		4F5A8C2C5784018885C0FC19 /* [CP] Embed Pods Frameworks */ = {
			isa = PBXShellScriptBuildPhase;
			buildActionMask = 2147483647;
			files = (
			);
			inputPaths = (
			);
			name = "[CP] Embed Pods Frameworks";
			outputPaths = (
			);
			runOnlyForDeploymentPostprocessing = 0;
			shellPath = /bin/sh;
			shellScript = "\"${SRCROOT}/Pods/Target Support Files/Pods-NYTimesProjectUITests/Pods-NYTimesProjectUITests-frameworks.sh\"\n";
			showEnvVarsInLog = 0;
		};
		62AACC6A0053E8C646AB0732 /* [CP] Check Pods Manifest.lock */ = {
			isa = PBXShellScriptBuildPhase;
			buildActionMask = 2147483647;
			files = (
			);
			inputPaths = (
				"${PODS_PODFILE_DIR_PATH}/Podfile.lock",
				"${PODS_ROOT}/Manifest.lock",
			);
			name = "[CP] Check Pods Manifest.lock";
			outputPaths = (
				"$(DERIVED_FILE_DIR)/Pods-NYTimesProjectUITests-checkManifestLockResult.txt",
			);
			runOnlyForDeploymentPostprocessing = 0;
			shellPath = /bin/sh;
			shellScript = "diff \"${PODS_PODFILE_DIR_PATH}/Podfile.lock\" \"${PODS_ROOT}/Manifest.lock\" > /dev/null\nif [ $? != 0 ] ; then\n    # print error to STDERR\n    echo \"error: The sandbox is not in sync with the Podfile.lock. Run 'pod install' or update your CocoaPods installation.\" >&2\n    exit 1\nfi\n# This output is used by Xcode 'outputs' to avoid re-running this script phase.\necho \"SUCCESS\" > \"${SCRIPT_OUTPUT_FILE_0}\"\n";
			showEnvVarsInLog = 0;
		};
		B5A7CF943AA82595CA8D0905 /* [CP] Check Pods Manifest.lock */ = {
			isa = PBXShellScriptBuildPhase;
			buildActionMask = 2147483647;
			files = (
			);
			inputPaths = (
				"${PODS_PODFILE_DIR_PATH}/Podfile.lock",
				"${PODS_ROOT}/Manifest.lock",
			);
			name = "[CP] Check Pods Manifest.lock";
			outputPaths = (
				"$(DERIVED_FILE_DIR)/Pods-NYTimesProjectTests-checkManifestLockResult.txt",
			);
			runOnlyForDeploymentPostprocessing = 0;
			shellPath = /bin/sh;
			shellScript = "diff \"${PODS_PODFILE_DIR_PATH}/Podfile.lock\" \"${PODS_ROOT}/Manifest.lock\" > /dev/null\nif [ $? != 0 ] ; then\n    # print error to STDERR\n    echo \"error: The sandbox is not in sync with the Podfile.lock. Run 'pod install' or update your CocoaPods installation.\" >&2\n    exit 1\nfi\n# This output is used by Xcode 'outputs' to avoid re-running this script phase.\necho \"SUCCESS\" > \"${SCRIPT_OUTPUT_FILE_0}\"\n";
			showEnvVarsInLog = 0;
		};
		C12C1DD65C98F492DED8CB2D /* [CP] Embed Pods Frameworks */ = {
			isa = PBXShellScriptBuildPhase;
			buildActionMask = 2147483647;
			files = (
			);
			inputPaths = (
				"${SRCROOT}/Pods/Target Support Files/Pods-NYTimesProject/Pods-NYTimesProject-frameworks.sh",
				"${BUILT_PRODUCTS_DIR}/Alamofire/Alamofire.framework",
				"${BUILT_PRODUCTS_DIR}/EZSwipeController/EZSwipeController.framework",
				"${BUILT_PRODUCTS_DIR}/Moya/Moya.framework",
				"${BUILT_PRODUCTS_DIR}/ObjectMapper/ObjectMapper.framework",
				"${BUILT_PRODUCTS_DIR}/Result/Result.framework",
				"${BUILT_PRODUCTS_DIR}/SDWebImage/SDWebImage.framework",
				"${BUILT_PRODUCTS_DIR}/SnapKit/SnapKit.framework",
				"${BUILT_PRODUCTS_DIR}/SwiftyJSON/SwiftyJSON.framework",
			);
			name = "[CP] Embed Pods Frameworks";
			outputPaths = (
				"${TARGET_BUILD_DIR}/${FRAMEWORKS_FOLDER_PATH}/Alamofire.framework",
				"${TARGET_BUILD_DIR}/${FRAMEWORKS_FOLDER_PATH}/EZSwipeController.framework",
				"${TARGET_BUILD_DIR}/${FRAMEWORKS_FOLDER_PATH}/Moya.framework",
				"${TARGET_BUILD_DIR}/${FRAMEWORKS_FOLDER_PATH}/ObjectMapper.framework",
				"${TARGET_BUILD_DIR}/${FRAMEWORKS_FOLDER_PATH}/Result.framework",
				"${TARGET_BUILD_DIR}/${FRAMEWORKS_FOLDER_PATH}/SDWebImage.framework",
				"${TARGET_BUILD_DIR}/${FRAMEWORKS_FOLDER_PATH}/SnapKit.framework",
				"${TARGET_BUILD_DIR}/${FRAMEWORKS_FOLDER_PATH}/SwiftyJSON.framework",
			);
			runOnlyForDeploymentPostprocessing = 0;
			shellPath = /bin/sh;
			shellScript = "\"${SRCROOT}/Pods/Target Support Files/Pods-NYTimesProject/Pods-NYTimesProject-frameworks.sh\"\n";
			showEnvVarsInLog = 0;
		};
		D73A7BF4556EE3F0DF05A2E4 /* [CP] Copy Pods Resources */ = {
			isa = PBXShellScriptBuildPhase;
			buildActionMask = 2147483647;
			files = (
			);
			inputPaths = (
			);
			name = "[CP] Copy Pods Resources";
			outputPaths = (
			);
			runOnlyForDeploymentPostprocessing = 0;
			shellPath = /bin/sh;
			shellScript = "\"${SRCROOT}/Pods/Target Support Files/Pods-NYTimesProjectTests/Pods-NYTimesProjectTests-resources.sh\"\n";
			showEnvVarsInLog = 0;
		};
		E2155BA4ECBD290B6575C12B /* [CP] Embed Pods Frameworks */ = {
			isa = PBXShellScriptBuildPhase;
			buildActionMask = 2147483647;
			files = (
			);
			inputPaths = (
			);
			name = "[CP] Embed Pods Frameworks";
			outputPaths = (
			);
			runOnlyForDeploymentPostprocessing = 0;
			shellPath = /bin/sh;
			shellScript = "\"${SRCROOT}/Pods/Target Support Files/Pods-NYTimesProjectTests/Pods-NYTimesProjectTests-frameworks.sh\"\n";
			showEnvVarsInLog = 0;
		};
/* End PBXShellScriptBuildPhase section */

/* Begin PBXSourcesBuildPhase section */
		38C1E95B1F9CED0900BA3B0B /* Sources */ = {
			isa = PBXSourcesBuildPhase;
			buildActionMask = 2147483647;
			files = (
				38C02C111F9DD5C200E5854A /* NYTTechnologyTopStoriesViewController.swift in Sources */,
				38C02C0B1F9DD2A900E5854A /* NYTSwipeableBaseViewController.swift in Sources */,
				38C1E9631F9CED0900BA3B0B /* AppDelegate.swift in Sources */,
				38C02C191F9DE48100E5854A /* JSONParser.swift in Sources */,
				385921DF1F9CF33200728C87 /* NYTHomeViewController.swift in Sources */,
				38C02C0D1F9DD59D00E5854A /* NYTHomeTopStoriesViewController.swift in Sources */,
				385921E21F9D03C800728C87 /* NYTimesAPI.swift in Sources */,
				38C02C161F9DE38A00E5854A /* StoryMetaData.swift in Sources */,
				385921E41F9D2F5600728C87 /* Networking.swift in Sources */,
				38C02C0F1F9DD5AF00E5854A /* NYTWorldTopStoriesViewController.swift in Sources */,
				38C02C141F9DD9A100E5854A /* Story.swift in Sources */,
			);
			runOnlyForDeploymentPostprocessing = 0;
		};
		38C1E96F1F9CED0900BA3B0B /* Sources */ = {
			isa = PBXSourcesBuildPhase;
			buildActionMask = 2147483647;
			files = (
				38C1E9781F9CED0900BA3B0B /* NYTimesProjectTests.swift in Sources */,
			);
			runOnlyForDeploymentPostprocessing = 0;
		};
		38C1E97A1F9CED0900BA3B0B /* Sources */ = {
			isa = PBXSourcesBuildPhase;
			buildActionMask = 2147483647;
			files = (
				38C1E9831F9CED0900BA3B0B /* NYTimesProjectUITests.swift in Sources */,
			);
			runOnlyForDeploymentPostprocessing = 0;
		};
/* End PBXSourcesBuildPhase section */

/* Begin PBXTargetDependency section */
		38C1E9751F9CED0900BA3B0B /* PBXTargetDependency */ = {
			isa = PBXTargetDependency;
			target = 38C1E95E1F9CED0900BA3B0B /* NYTimesProject */;
			targetProxy = 38C1E9741F9CED0900BA3B0B /* PBXContainerItemProxy */;
		};
		38C1E9801F9CED0900BA3B0B /* PBXTargetDependency */ = {
			isa = PBXTargetDependency;
			target = 38C1E95E1F9CED0900BA3B0B /* NYTimesProject */;
			targetProxy = 38C1E97F1F9CED0900BA3B0B /* PBXContainerItemProxy */;
		};
/* End PBXTargetDependency section */

/* Begin PBXVariantGroup section */
		38C1E96B1F9CED0900BA3B0B /* LaunchScreen.storyboard */ = {
			isa = PBXVariantGroup;
			children = (
				38C1E96C1F9CED0900BA3B0B /* Base */,
			);
			name = LaunchScreen.storyboard;
			sourceTree = "<group>";
		};
/* End PBXVariantGroup section */

/* Begin XCBuildConfiguration section */
		38C1E9851F9CED0900BA3B0B /* Debug */ = {
			isa = XCBuildConfiguration;
			buildSettings = {
				ALWAYS_SEARCH_USER_PATHS = NO;
				CLANG_ANALYZER_NONNULL = YES;
				CLANG_ANALYZER_NUMBER_OBJECT_CONVERSION = YES_AGGRESSIVE;
				CLANG_CXX_LANGUAGE_STANDARD = "gnu++0x";
				CLANG_CXX_LIBRARY = "libc++";
				CLANG_ENABLE_MODULES = YES;
				CLANG_ENABLE_OBJC_ARC = YES;
				CLANG_WARN_BOOL_CONVERSION = YES;
				CLANG_WARN_CONSTANT_CONVERSION = YES;
				CLANG_WARN_DIRECT_OBJC_ISA_USAGE = YES_ERROR;
				CLANG_WARN_DOCUMENTATION_COMMENTS = YES;
				CLANG_WARN_EMPTY_BODY = YES;
				CLANG_WARN_ENUM_CONVERSION = YES;
				CLANG_WARN_INFINITE_RECURSION = YES;
				CLANG_WARN_INT_CONVERSION = YES;
				CLANG_WARN_OBJC_ROOT_CLASS = YES_ERROR;
				CLANG_WARN_SUSPICIOUS_MOVE = YES;
				CLANG_WARN_UNREACHABLE_CODE = YES;
				CLANG_WARN__DUPLICATE_METHOD_MATCH = YES;
				"CODE_SIGN_IDENTITY[sdk=iphoneos*]" = "iPhone Developer";
				COPY_PHASE_STRIP = NO;
				DEBUG_INFORMATION_FORMAT = dwarf;
				ENABLE_STRICT_OBJC_MSGSEND = YES;
				ENABLE_TESTABILITY = YES;
				GCC_C_LANGUAGE_STANDARD = gnu99;
				GCC_DYNAMIC_NO_PIC = NO;
				GCC_NO_COMMON_BLOCKS = YES;
				GCC_OPTIMIZATION_LEVEL = 0;
				GCC_PREPROCESSOR_DEFINITIONS = (
					"DEBUG=1",
					"$(inherited)",
				);
				GCC_WARN_64_TO_32_BIT_CONVERSION = YES;
				GCC_WARN_ABOUT_RETURN_TYPE = YES_ERROR;
				GCC_WARN_UNDECLARED_SELECTOR = YES;
				GCC_WARN_UNINITIALIZED_AUTOS = YES_AGGRESSIVE;
				GCC_WARN_UNUSED_FUNCTION = YES;
				GCC_WARN_UNUSED_VARIABLE = YES;
				IPHONEOS_DEPLOYMENT_TARGET = 10.3;
				MTL_ENABLE_DEBUG_INFO = YES;
				ONLY_ACTIVE_ARCH = YES;
				SDKROOT = iphoneos;
				SWIFT_ACTIVE_COMPILATION_CONDITIONS = DEBUG;
				SWIFT_OPTIMIZATION_LEVEL = "-Onone";
				TARGETED_DEVICE_FAMILY = "1,2";
			};
			name = Debug;
		};
		38C1E9861F9CED0900BA3B0B /* Release */ = {
			isa = XCBuildConfiguration;
			buildSettings = {
				ALWAYS_SEARCH_USER_PATHS = NO;
				CLANG_ANALYZER_NONNULL = YES;
				CLANG_ANALYZER_NUMBER_OBJECT_CONVERSION = YES_AGGRESSIVE;
				CLANG_CXX_LANGUAGE_STANDARD = "gnu++0x";
				CLANG_CXX_LIBRARY = "libc++";
				CLANG_ENABLE_MODULES = YES;
				CLANG_ENABLE_OBJC_ARC = YES;
				CLANG_WARN_BOOL_CONVERSION = YES;
				CLANG_WARN_CONSTANT_CONVERSION = YES;
				CLANG_WARN_DIRECT_OBJC_ISA_USAGE = YES_ERROR;
				CLANG_WARN_DOCUMENTATION_COMMENTS = YES;
				CLANG_WARN_EMPTY_BODY = YES;
				CLANG_WARN_ENUM_CONVERSION = YES;
				CLANG_WARN_INFINITE_RECURSION = YES;
				CLANG_WARN_INT_CONVERSION = YES;
				CLANG_WARN_OBJC_ROOT_CLASS = YES_ERROR;
				CLANG_WARN_SUSPICIOUS_MOVE = YES;
				CLANG_WARN_UNREACHABLE_CODE = YES;
				CLANG_WARN__DUPLICATE_METHOD_MATCH = YES;
				"CODE_SIGN_IDENTITY[sdk=iphoneos*]" = "iPhone Developer";
				COPY_PHASE_STRIP = NO;
				DEBUG_INFORMATION_FORMAT = "dwarf-with-dsym";
				ENABLE_NS_ASSERTIONS = NO;
				ENABLE_STRICT_OBJC_MSGSEND = YES;
				GCC_C_LANGUAGE_STANDARD = gnu99;
				GCC_NO_COMMON_BLOCKS = YES;
				GCC_WARN_64_TO_32_BIT_CONVERSION = YES;
				GCC_WARN_ABOUT_RETURN_TYPE = YES_ERROR;
				GCC_WARN_UNDECLARED_SELECTOR = YES;
				GCC_WARN_UNINITIALIZED_AUTOS = YES_AGGRESSIVE;
				GCC_WARN_UNUSED_FUNCTION = YES;
				GCC_WARN_UNUSED_VARIABLE = YES;
				IPHONEOS_DEPLOYMENT_TARGET = 10.3;
				MTL_ENABLE_DEBUG_INFO = NO;
				SDKROOT = iphoneos;
				SWIFT_OPTIMIZATION_LEVEL = "-Owholemodule";
				TARGETED_DEVICE_FAMILY = "1,2";
				VALIDATE_PRODUCT = YES;
			};
			name = Release;
		};
		38C1E9881F9CED0900BA3B0B /* Debug */ = {
			isa = XCBuildConfiguration;
			baseConfigurationReference = 5D8348998FA2478AD87BB63A /* Pods-NYTimesProject.debug.xcconfig */;
			buildSettings = {
				ASSETCATALOG_COMPILER_APPICON_NAME = AppIcon;
				DEVELOPMENT_TEAM = 8B6W3QZ9B3;
				INFOPLIST_FILE = NYTimesProject/Info.plist;
				LD_RUNPATH_SEARCH_PATHS = "$(inherited) @executable_path/Frameworks";
				PRODUCT_BUNDLE_IDENTIFIER = com.nytimesproj.demo.NYTimesProject;
				PRODUCT_NAME = "$(TARGET_NAME)";
				SWIFT_VERSION = 3.0;
			};
			name = Debug;
		};
		38C1E9891F9CED0900BA3B0B /* Release */ = {
			isa = XCBuildConfiguration;
			baseConfigurationReference = 0031B839A497991E1203E95C /* Pods-NYTimesProject.release.xcconfig */;
			buildSettings = {
				ASSETCATALOG_COMPILER_APPICON_NAME = AppIcon;
				DEVELOPMENT_TEAM = 8B6W3QZ9B3;
				INFOPLIST_FILE = NYTimesProject/Info.plist;
				LD_RUNPATH_SEARCH_PATHS = "$(inherited) @executable_path/Frameworks";
				PRODUCT_BUNDLE_IDENTIFIER = com.nytimesproj.demo.NYTimesProject;
				PRODUCT_NAME = "$(TARGET_NAME)";
				SWIFT_VERSION = 3.0;
			};
			name = Release;
		};
		38C1E98B1F9CED0900BA3B0B /* Debug */ = {
			isa = XCBuildConfiguration;
			baseConfigurationReference = 46FC17EC500CFEBFC7EE4974 /* Pods-NYTimesProjectTests.debug.xcconfig */;
			buildSettings = {
				ALWAYS_EMBED_SWIFT_STANDARD_LIBRARIES = YES;
				BUNDLE_LOADER = "$(TEST_HOST)";
				DEVELOPMENT_TEAM = 8B6W3QZ9B3;
				INFOPLIST_FILE = NYTimesProjectTests/Info.plist;
				LD_RUNPATH_SEARCH_PATHS = "$(inherited) @executable_path/Frameworks @loader_path/Frameworks";
				PRODUCT_BUNDLE_IDENTIFIER = com.nytimesproj.demo.NYTimesProjectTests;
				PRODUCT_NAME = "$(TARGET_NAME)";
				SWIFT_VERSION = 3.0;
				TEST_HOST = "$(BUILT_PRODUCTS_DIR)/NYTimesProject.app/NYTimesProject";
			};
			name = Debug;
		};
		38C1E98C1F9CED0900BA3B0B /* Release */ = {
			isa = XCBuildConfiguration;
			baseConfigurationReference = 138DFD6FC6CCD9467D7647CE /* Pods-NYTimesProjectTests.release.xcconfig */;
			buildSettings = {
				ALWAYS_EMBED_SWIFT_STANDARD_LIBRARIES = YES;
				BUNDLE_LOADER = "$(TEST_HOST)";
				DEVELOPMENT_TEAM = 8B6W3QZ9B3;
				INFOPLIST_FILE = NYTimesProjectTests/Info.plist;
				LD_RUNPATH_SEARCH_PATHS = "$(inherited) @executable_path/Frameworks @loader_path/Frameworks";
				PRODUCT_BUNDLE_IDENTIFIER = com.nytimesproj.demo.NYTimesProjectTests;
				PRODUCT_NAME = "$(TARGET_NAME)";
				SWIFT_VERSION = 3.0;
				TEST_HOST = "$(BUILT_PRODUCTS_DIR)/NYTimesProject.app/NYTimesProject";
			};
			name = Release;
		};
		38C1E98E1F9CED0900BA3B0B /* Debug */ = {
			isa = XCBuildConfiguration;
			baseConfigurationReference = 9E334EEE26EC6F021628D973 /* Pods-NYTimesProjectUITests.debug.xcconfig */;
			buildSettings = {
				ALWAYS_EMBED_SWIFT_STANDARD_LIBRARIES = YES;
				DEVELOPMENT_TEAM = 8B6W3QZ9B3;
				INFOPLIST_FILE = NYTimesProjectUITests/Info.plist;
				LD_RUNPATH_SEARCH_PATHS = "$(inherited) @executable_path/Frameworks @loader_path/Frameworks";
				PRODUCT_BUNDLE_IDENTIFIER = com.nytimesproj.demo.NYTimesProjectUITests;
				PRODUCT_NAME = "$(TARGET_NAME)";
				SWIFT_VERSION = 3.0;
				TEST_TARGET_NAME = NYTimesProject;
			};
			name = Debug;
		};
		38C1E98F1F9CED0900BA3B0B /* Release */ = {
			isa = XCBuildConfiguration;
			baseConfigurationReference = 867357B5844F8DEB62E10A82 /* Pods-NYTimesProjectUITests.release.xcconfig */;
			buildSettings = {
				ALWAYS_EMBED_SWIFT_STANDARD_LIBRARIES = YES;
				DEVELOPMENT_TEAM = 8B6W3QZ9B3;
				INFOPLIST_FILE = NYTimesProjectUITests/Info.plist;
				LD_RUNPATH_SEARCH_PATHS = "$(inherited) @executable_path/Frameworks @loader_path/Frameworks";
				PRODUCT_BUNDLE_IDENTIFIER = com.nytimesproj.demo.NYTimesProjectUITests;
				PRODUCT_NAME = "$(TARGET_NAME)";
				SWIFT_VERSION = 3.0;
				TEST_TARGET_NAME = NYTimesProject;
			};
			name = Release;
		};
/* End XCBuildConfiguration section */

/* Begin XCConfigurationList section */
		38C1E95A1F9CED0900BA3B0B /* Build configuration list for PBXProject "NYTimesProject" */ = {
			isa = XCConfigurationList;
			buildConfigurations = (
				38C1E9851F9CED0900BA3B0B /* Debug */,
				38C1E9861F9CED0900BA3B0B /* Release */,
			);
			defaultConfigurationIsVisible = 0;
			defaultConfigurationName = Release;
		};
		38C1E9871F9CED0900BA3B0B /* Build configuration list for PBXNativeTarget "NYTimesProject" */ = {
			isa = XCConfigurationList;
			buildConfigurations = (
				38C1E9881F9CED0900BA3B0B /* Debug */,
				38C1E9891F9CED0900BA3B0B /* Release */,
			);
			defaultConfigurationIsVisible = 0;
			defaultConfigurationName = Release;
		};
		38C1E98A1F9CED0900BA3B0B /* Build configuration list for PBXNativeTarget "NYTimesProjectTests" */ = {
			isa = XCConfigurationList;
			buildConfigurations = (
				38C1E98B1F9CED0900BA3B0B /* Debug */,
				38C1E98C1F9CED0900BA3B0B /* Release */,
			);
			defaultConfigurationIsVisible = 0;
			defaultConfigurationName = Release;
		};
		38C1E98D1F9CED0900BA3B0B /* Build configuration list for PBXNativeTarget "NYTimesProjectUITests" */ = {
			isa = XCConfigurationList;
			buildConfigurations = (
				38C1E98E1F9CED0900BA3B0B /* Debug */,
				38C1E98F1F9CED0900BA3B0B /* Release */,
			);
			defaultConfigurationIsVisible = 0;
			defaultConfigurationName = Release;
		};
/* End XCConfigurationList section */
	};
	rootObject = 38C1E9571F9CED0900BA3B0B /* Project object */;
}
